<?xml version="1.0" encoding="utf-8"?>
<Project ToolsVersion="4.0" xmlns="http://schemas.microsoft.com/developer/msbuild/2003">
  <ItemGroup>
    <ClCompile Include="src\intro.cpp" />
    <ClCompile Include="src\mzk.cpp" />
    <ClCompile Include="src\Parameter.cpp" />
    <ClCompile Include="src\_windows\main_deb.cpp" />
    <ClCompile Include="src\_windows\main_rel.cpp" />
    <ClCompile Include="src\GLTools.cpp" />
  </ItemGroup>
  <ItemGroup>
    <ClInclude Include="src\config.h" />
    <ClInclude Include="src\glext.h" />
    <ClInclude Include="src\intro.h" />
    <ClInclude Include="src\music.h" />
    <ClInclude Include="src\mzk.h" />
    <ClInclude Include="src\Parameter.h" />
    <ClInclude Include="src\GLTools.h" />
  </ItemGroup>
  <ItemGroup>
    <Filter Include="Shaders">
      <UniqueIdentifier>{406e6200-a51a-4334-9d88-eaea51f19160}</UniqueIdentifier>
    </Filter>
  </ItemGroup>
  <ItemGroup>
    <None Include="fragment.glsl">
      <Filter>Shaders</Filter>
    </None>
    <None Include="vertex.glsl">
      <Filter>Shaders</Filter>
    </None>
  </ItemGroup>
</Project>