<?xml version="1.0" encoding="utf-8"?>
<Project ToolsVersion="4.0" xmlns="http://schemas.microsoft.com/developer/msbuild/2003">
  <ItemGroup>
    <Filter Include="Source Files">
      <UniqueIdentifier>{d5627302-e3d0-4ab4-abc6-0ad0e0aa4320}</UniqueIdentifier>
      <Extensions>cpp;c;cxx;rc;def;r;odl;idl;hpj;bat</Extensions>
    </Filter>
    <Filter Include="Source Files\_windows">
      <UniqueIdentifier>{caee972f-5510-4acb-ba84-19482d19e150}</UniqueIdentifier>
    </Filter>
    <Filter Include="Source Files\shader">
      <UniqueIdentifier>{ee6a0a44-d7a9-4dbf-a33b-bb075c1957c3}</UniqueIdentifier>
    </Filter>
  </ItemGroup>
  <ItemGroup>
    <ClInclude Include="src\config.h">
      <Filter>Source Files</Filter>
    </ClInclude>
    <ClInclude Include="src\intro.h">
      <Filter>Source Files</Filter>
    </ClInclude>
    <ClInclude Include="src\music.h">
      <Filter>Source Files</Filter>
    </ClInclude>
    <ClInclude Include="src\mzk.h">
      <Filter>Source Files</Filter>
    </ClInclude>
    <ClInclude Include="src\Parameter.h">
      <Filter>Source Files</Filter>
    </ClInclude>
    <ClInclude Include="src\Texture.h">
      <Filter>Source Files</Filter>
    </ClInclude>
    <ClInclude Include="src\PictureWriter.h">
      <Filter>Source Files</Filter>
    </ClInclude>
    <ClInclude Include="src\VideoTexture.h">
      <Filter>Source Files</Filter>
    </ClInclude>
    <ClInclude Include="src\qedit.h">
      <Filter>Source Files</Filter>
    </ClInclude>
  </ItemGroup>
  <ItemGroup>
    <ClCompile Include="src\intro.cpp">
      <Filter>Source Files</Filter>
    </ClCompile>
    <ClCompile Include="src\mzk.cpp">
      <Filter>Source Files</Filter>
    </ClCompile>
    <ClCompile Include="src\Parameter.cpp">
      <Filter>Source Files</Filter>
    </ClCompile>
    <ClCompile Include="src\_windows\main_deb.cpp">
      <Filter>Source Files\_windows</Filter>
    </ClCompile>
    <ClCompile Include="src\_windows\main_rel.cpp">
      <Filter>Source Files\_windows</Filter>
    </ClCompile>
    <ClCompile Include="src\Texture.cpp">
      <Filter>Source Files</Filter>
    </ClCompile>
    <ClCompile Include="src\VideoTexture.cpp">
      <Filter>Source Files</Filter>
    </ClCompile>
  </ItemGroup>
  <ItemGroup>
    <None Include="background.glsl">
      <Filter>Source Files\shader</Filter>
    </None>
    <None Include="copy.glsl">
      <Filter>Source Files\shader</Filter>
    </None>
    <None Include="object.glsl">
      <Filter>Source Files\shader</Filter>
    </None>
    <None Include="background_light.glsl">
      <Filter>Source Files\shader</Filter>
    </None>
  </ItemGroup>
</Project>