<?xml version="1.0" encoding="utf-8"?>
<Project ToolsVersion="4.0" xmlns="http://schemas.microsoft.com/developer/msbuild/2003">
  <ItemGroup>
    <Filter Include="Quelldateien">
      <UniqueIdentifier>{4FC737F1-C7A5-4376-A066-2A32D752A2FF}</UniqueIdentifier>
      <Extensions>cpp;c;cc;cxx;def;odl;idl;hpj;bat;asm;asmx</Extensions>
    </Filter>
    <Filter Include="Headerdateien">
      <UniqueIdentifier>{93995380-89BD-4b04-88EB-625FBE52EBFB}</UniqueIdentifier>
      <Extensions>h;hpp;hxx;hm;inl;inc;xsd</Extensions>
    </Filter>
    <Filter Include="Ressourcendateien">
      <UniqueIdentifier>{67DA6AB6-F800-4c08-8B7A-83BB121AAD01}</UniqueIdentifier>
      <Extensions>rc;ico;cur;bmp;dlg;rc2;rct;bin;rgs;gif;jpg;jpeg;jpe;resx;tiff;tif;png;wav;mfcribbon-ms</Extensions>
    </Filter>
  </ItemGroup>
  <ItemGroup>
    <None Include="ReadMe.txt" />
    <None Include="small.ico">
      <Filter>Ressourcendateien</Filter>
    </None>
    <None Include="Camera_capture.ico">
      <Filter>Ressourcendateien</Filter>
    </None>
  </ItemGroup>
  <ItemGroup>
    <ClInclude Include="stdafx.h">
      <Filter>Headerdateien</Filter>
    </ClInclude>
    <ClInclude Include="Resource.h">
      <Filter>Headerdateien</Filter>
    </ClInclude>
    <ClInclude Include="glext.h">
      <Filter>Headerdateien</Filter>
    </ClInclude>
    <ClInclude Include="chockNgt.h">
      <Filter>Headerdateien</Filter>
    </ClInclude>
    <ClInclude Include="mathhelpers.h">
      <Filter>Headerdateien</Filter>
    </ClInclude>
    <ClInclude Include="TextureManager.h">
      <Filter>Headerdateien</Filter>
    </ClInclude>
    <ClInclude Include="Configuration.h">
      <Filter>Headerdateien</Filter>
    </ClInclude>
    <ClInclude Include="Parameter.h">
      <Filter>Headerdateien</Filter>
    </ClInclude>
    <ClInclude Include="Zimmer.h">
      <Filter>Headerdateien</Filter>
    </ClInclude>
    <ClInclude Include="Prolog.h">
      <Filter>Headerdateien</Filter>
    </ClInclude>
    <ClInclude Include="Karaoke.h">
      <Filter>Headerdateien</Filter>
    </ClInclude>
    <ClInclude Include="stb_image.h">
      <Filter>Headerdateien</Filter>
    </ClInclude>
    <ClInclude Include="Smartphones.h">
      <Filter>Headerdateien</Filter>
    </ClInclude>
    <ClInclude Include="Cafe.h">
      <Filter>Headerdateien</Filter>
    </ClInclude>
    <ClInclude Include="Car.h">
      <Filter>Headerdateien</Filter>
    </ClInclude>
    <ClInclude Include="Audio.h">
      <Filter>Headerdateien</Filter>
    </ClInclude>
    <ClInclude Include="TextRenderer.h">
      <Filter>Headerdateien</Filter>
    </ClInclude>
    <ClInclude Include="font.h">
      <Filter>Headerdateien</Filter>
    </ClInclude>
    <ClInclude Include="Sign.h">
      <Filter>Headerdateien</Filter>
    </ClInclude>
  </ItemGroup>
  <ItemGroup>
    <ClCompile Include="stdafx.cpp">
      <Filter>Quelldateien</Filter>
    </ClCompile>
    <ClCompile Include="chockNgt.cpp">
      <Filter>Quelldateien</Filter>
    </ClCompile>
    <ClCompile Include="mathhelpers.cpp">
      <Filter>Quelldateien</Filter>
    </ClCompile>
    <ClCompile Include="TextureManager.cpp">
      <Filter>Quelldateien</Filter>
    </ClCompile>
    <ClCompile Include="Parameter.cpp">
      <Filter>Quelldateien</Filter>
    </ClCompile>
    <ClCompile Include="Zimmer.cpp">
      <Filter>Quelldateien</Filter>
    </ClCompile>
    <ClCompile Include="Prolog.cpp">
      <Filter>Quelldateien</Filter>
    </ClCompile>
    <ClCompile Include="Karaoke.cpp">
      <Filter>Quelldateien</Filter>
    </ClCompile>
    <ClCompile Include="stb_image.c">
      <Filter>Quelldateien</Filter>
    </ClCompile>
    <ClCompile Include="Smartphones.cpp">
      <Filter>Quelldateien</Filter>
    </ClCompile>
    <ClCompile Include="Cafe.cpp">
      <Filter>Quelldateien</Filter>
    </ClCompile>
    <ClCompile Include="Car.cpp">
      <Filter>Quelldateien</Filter>
    </ClCompile>
    <ClCompile Include="Audio.cpp">
      <Filter>Quelldateien</Filter>
    </ClCompile>
    <ClCompile Include="TextRenderer.cpp">
      <Filter>Quelldateien</Filter>
    </ClCompile>
    <ClCompile Include="Sign.cpp">
      <Filter>Quelldateien</Filter>
    </ClCompile>
  </ItemGroup>
  <ItemGroup>
    <Library Include="lib\avcodec.lib" />
    <Library Include="lib\avdevice.lib" />
    <Library Include="lib\avfilter.lib" />
    <Library Include="lib\avformat.lib" />
    <Library Include="lib\avutil.lib" />
    <Library Include="lib\postproc.lib" />
    <Library Include="lib\swresample.lib" />
    <Library Include="lib\swscale.lib" />
  </ItemGroup>
</Project>