
Microsoft Visual Studio Solution File, Format Version 11.00
# Visual C++ Express 2010
Project("{8BC9CEB8-8B4A-11D0-8D11-00A0C91BC942}") = "Camera_capture", "Camera_capture\Camera_capture.vcxproj", "{276B21D8-2189-4A1E-817B-60685CA9645C}"
EndProject
Global
	GlobalSection(SolutionConfigurationPlatforms) = preSolution
		Debug|Win32 = Debug|Win32
		Release|Win32 = Release|Win32
	EndGlobalSection
	GlobalSection(ProjectConfigurationPlatforms) = postSolution
		{276B21D8-2189-4A1E-817B-60685CA9645C}.Debug|Win32.ActiveCfg = Debug|Win32
		{276B21D8-2189-4A1E-817B-60685CA9645C}.Debug|Win32.Build.0 = Debug|Win32
		{276B21D8-2189-4A1E-817B-60685CA9645C}.Release|Win32.ActiveCfg = Release|Win32
		{276B21D8-2189-4A1E-817B-60685CA9645C}.Release|Win32.Build.0 = Release|Win32
	EndGlobalSection
	GlobalSection(SolutionProperties) = preSolution
		HideSolutionNode = FALSE
	EndGlobalSection
EndGlobal
