
Microsoft Visual Studio Solution File, Format Version 11.00
# Visual C++ Express 2010
Project("{8BC9CEB8-8B4A-11D0-8D11-00A0C91BC942}") = "Seven_Sextillion_Miles", "Seven_Sextillion_Miles\Seven_Sextillion_Miles.vcxproj", "{606EB943-C081-4EF7-92F7-864A397B3C12}"
EndProject
Global
	GlobalSection(SolutionConfigurationPlatforms) = preSolution
		Debug|Win32 = Debug|Win32
		Release|Win32 = Release|Win32
	EndGlobalSection
	GlobalSection(ProjectConfigurationPlatforms) = postSolution
		{606EB943-C081-4EF7-92F7-864A397B3C12}.Debug|Win32.ActiveCfg = Debug|Win32
		{606EB943-C081-4EF7-92F7-864A397B3C12}.Debug|Win32.Build.0 = Debug|Win32
		{606EB943-C081-4EF7-92F7-864A397B3C12}.Release|Win32.ActiveCfg = Release|Win32
		{606EB943-C081-4EF7-92F7-864A397B3C12}.Release|Win32.Build.0 = Release|Win32
	EndGlobalSection
	GlobalSection(SolutionProperties) = preSolution
		HideSolutionNode = FALSE
	EndGlobalSection
EndGlobal
